
Microsoft Visual Studio Solution File, Format Version 12.00
# Visual Studio Version 16
VisualStudioVersion = 16.0.29728.190
MinimumVisualStudioVersion = 10.0.40219.1
Project("{FAE04EC0-301F-11D3-BF4B-00C04F79EFBC}") = "APPFacturacionEstiloG", "APPFacturacionEstiloG\APPFacturacionEstiloG.csproj", "{AD2B90F3-6B7D-4A69-8EE5-492EF3B5B8A5}"
EndProject
Global
	GlobalSection(SolutionConfigurationPlatforms) = preSolution
		Debug|Any CPU = Debug|Any CPU
		Release|Any CPU = Release|Any CPU
	EndGlobalSection
	GlobalSection(ProjectConfigurationPlatforms) = postSolution
		{AD2B90F3-6B7D-4A69-8EE5-492EF3B5B8A5}.Debug|Any CPU.ActiveCfg = Debug|Any CPU
		{AD2B90F3-6B7D-4A69-8EE5-492EF3B5B8A5}.Debug|Any CPU.Build.0 = Debug|Any CPU
		{AD2B90F3-6B7D-4A69-8EE5-492EF3B5B8A5}.Release|Any CPU.ActiveCfg = Release|Any CPU
		{AD2B90F3-6B7D-4A69-8EE5-492EF3B5B8A5}.Release|Any CPU.Build.0 = Release|Any CPU
	EndGlobalSection
	GlobalSection(SolutionProperties) = preSolution
		HideSolutionNode = FALSE
	EndGlobalSection
	GlobalSection(ExtensibilityGlobals) = postSolution
		SolutionGuid = {A5506183-5483-4C98-8060-76DC81FBE206}
	EndGlobalSection
EndGlobal
